
Microsoft Visual Studio Solution File, Format Version 12.00
# Visual Studio 15
VisualStudioVersion = 15.0.28010.2036
MinimumVisualStudioVersion = 10.0.40219.1
Project("{FAE04EC0-301F-11D3-BF4B-00C04F79EFBC}") = "Wifi.Media.Admin", "Wifi.Media.Admin\Wifi.Media.Admin.csproj", "{969F8B40-4E82-4D41-80FB-A9F46C492AFF}"
EndProject
Global
	GlobalSection(SolutionConfigurationPlatforms) = preSolution
		Debug|Any CPU = Debug|Any CPU
		Release|Any CPU = Release|Any CPU
	EndGlobalSection
	GlobalSection(ProjectConfigurationPlatforms) = postSolution
		{969F8B40-4E82-4D41-80FB-A9F46C492AFF}.Debug|Any CPU.ActiveCfg = Debug|Any CPU
		{969F8B40-4E82-4D41-80FB-A9F46C492AFF}.Debug|Any CPU.Build.0 = Debug|Any CPU
		{969F8B40-4E82-4D41-80FB-A9F46C492AFF}.Release|Any CPU.ActiveCfg = Release|Any CPU
		{969F8B40-4E82-4D41-80FB-A9F46C492AFF}.Release|Any CPU.Build.0 = Release|Any CPU
	EndGlobalSection
	GlobalSection(SolutionProperties) = preSolution
		HideSolutionNode = FALSE
	EndGlobalSection
	GlobalSection(ExtensibilityGlobals) = postSolution
		SolutionGuid = {0328D1E6-D6C2-4004-8BFB-F24E91468344}
	EndGlobalSection
EndGlobal
